
Microsoft Visual Studio Solution File, Format Version 12.00
# Visual Studio Version 18
VisualStudioVersion = 18.10.12217.157 stable
MinimumVisualStudioVersion = 10.0.40219.1
Project("{FAE04EC0-301F-11D3-BF4B-00C04F79EFBC}") = "MvcTeam.Utilities.Other", "MvcTeam.Utilities.Other\MvcTeam.Utilities.Other.csproj", "{5F3CD9AA-70BE-4476-8E7D-A798E581622E}"
EndProject
Project("{D954291E-2A0B-460D-934E-DC6B0785DB48}") = "MvcTeam.Utilities.Core", "MvcTeam.Utilities.Core\MvcTeam.Utilities.Core.shproj", "{62EB3ADB-BC26-409A-9A66-226A8898766A}"
EndProject
Project("{FAE04EC0-301F-11D3-BF4B-00C04F79EFBC}") = "MvcTeam.Utilities.Numeric", "MvcTeam.Utilities.Numeric\MvcTeam.Utilities.Numeric.csproj", "{49EA89C2-E259-4164-AE78-D3184F96034E}"
EndProject
Project("{FAE04EC0-301F-11D3-BF4B-00C04F79EFBC}") = "MvcTeam.Utilities.Strings", "MvcTeam.Utilities.Strings\MvcTeam.Utilities.Strings.csproj", "{372B3DD4-DDCE-4C65-A434-9555F9BD876D}"
EndProject
Project("{FAE04EC0-301F-11D3-BF4B-00C04F79EFBC}") = "MvcTeam.Utilities.DateAndTime", "MvcTeam.Utilities.DateAndTime\MvcTeam.Utilities.DateAndTime.csproj", "{3AD46468-8A74-49E0-AAEE-D2C9BAAC7133}"
EndProject
Project("{FAE04EC0-301F-11D3-BF4B-00C04F79EFBC}") = "MvcTeam.Utilities.Persian", "MvcTeam.Utilities.Persian\MvcTeam.Utilities.Persian.csproj", "{1D72C299-F4FC-479C-A83E-C901EA08105B}"
EndProject
Project("{FAE04EC0-301F-11D3-BF4B-00C04F79EFBC}") = "MvcTeam.Utilities.Email", "MvcTeam.Utilities.Email\MvcTeam.Utilities.Email.csproj", "{ABA81953-DC7D-4973-9143-689F07AC7E0A}"
EndProject
Project("{FAE04EC0-301F-11D3-BF4B-00C04F79EFBC}") = "MvcTeam.Utilities.Note", "MvcTeam.Utilities.Note\MvcTeam.Utilities.Note.csproj", "{938D97A8-FDEC-4CD1-8D88-0101E7B23F53}"
EndProject
Project("{FAE04EC0-301F-11D3-BF4B-00C04F79EFBC}") = "MvcTeam.Utilities.Security", "MvcTeam.Utilities.Security\MvcTeam.Utilities.Security.csproj", "{84F6C45E-0728-413A-9753-622187ABFFAF}"
EndProject
Project("{FAE04EC0-301F-11D3-BF4B-00C04F79EFBC}") = "MvcTeam.Utilities.Solution", "MvcTeam.Utilities.Solution\MvcTeam.Utilities.Solution.csproj", "{7A3E5C12-94B8-4D6F-A1E0-2B8C7D5F3A64}"
EndProject
Project("{2150E333-8FDC-42A3-9474-1A3956D46DE8}") = "docs", "docs", "{7D684DCF-5527-473C-BA2A-033578E0D76B}"
EndProject
Project("{2150E333-8FDC-42A3-9474-1A3956D46DE8}") = "utilities", "utilities", "{8B489EF9-88D4-43C9-A965-BA7357F4378B}"
	ProjectSection(SolutionItems) = preProject
		docs\utilities\add-price-list-item.md = docs\utilities\add-price-list-item.md
		docs\utilities\clone-children.md = docs\utilities\clone-children.md
		docs\utilities\clone-record.md = docs\utilities\clone-record.md
		docs\utilities\currency-convert.md = docs\utilities\currency-convert.md
		docs\utilities\delete-record.md = docs\utilities\delete-record.md
		docs\utilities\get-record-id.md = docs\utilities\get-record-id.md
		docs\utilities\json-parser.md = docs\utilities\json-parser.md
		docs\utilities\query-get-results.md = docs\utilities\query-get-results.md
		docs\utilities\query-run-workflow-on-results.md = docs\utilities\query-run-workflow-on-results.md
		docs\utilities\query-values.md = docs\utilities\query-values.md
		docs\utilities\recalculate-all-rollups.md = docs\utilities\recalculate-all-rollups.md
		docs\utilities\resize-annotation-image.md = docs\utilities\resize-annotation-image.md
		docs\utilities\run-workflow-with-for-loop.md = docs\utilities\run-workflow-with-for-loop.md
		docs\utilities\update-field-dynamically.md = docs\utilities\update-field-dynamically.md
		docs\utilities\workflow-add-signature-to-email.md = docs\utilities\workflow-add-signature-to-email.md
	EndProjectSection
EndProject
Project("{2150E333-8FDC-42A3-9474-1A3956D46DE8}") = "images", "images", "{868CF2C6-8E9D-4BCF-9A22-1D013CD25897}"
	ProjectSection(SolutionItems) = preProject
		docs\utilities\images\clone-children-extra.gif = docs\utilities\images\clone-children-extra.gif
		docs\utilities\images\clone-children-select-step.gif = docs\utilities\images\clone-children-select-step.gif
		docs\utilities\images\clone-record-extra.gif = docs\utilities\images\clone-record-extra.gif
		docs\utilities\images\clone-record-input.png = docs\utilities\images\clone-record-input.png
		docs\utilities\images\clone-record-output.png = docs\utilities\images\clone-record-output.png
		docs\utilities\images\clone-record-select-step.gif = docs\utilities\images\clone-record-select-step.gif
		docs\utilities\images\currency-convert-params.gif = docs\utilities\images\currency-convert-params.gif
		docs\utilities\images\currency-convert-result.gif = docs\utilities\images\currency-convert-result.gif
		docs\utilities\images\currency-convert-select-step.gif = docs\utilities\images\currency-convert-select-step.gif
		docs\utilities\images\delete-record-by-guid.gif = docs\utilities\images\delete-record-by-guid.gif
		docs\utilities\images\delete-record-by-url.gif = docs\utilities\images\delete-record-by-url.gif
		docs\utilities\images\delete-record-select-step.gif = docs\utilities\images\delete-record-select-step.gif
		docs\utilities\images\json-parser-example.png = docs\utilities\images\json-parser-example.png
		docs\utilities\images\json-parser-params.png = docs\utilities\images\json-parser-params.png
		docs\utilities\images\json-parser-result.png = docs\utilities\images\json-parser-result.png
		docs\utilities\images\json-parser-select-step.png = docs\utilities\images\json-parser-select-step.png
		docs\utilities\images\query-values-params.gif = docs\utilities\images\query-values-params.gif
		docs\utilities\images\query-values-result.gif = docs\utilities\images\query-values-result.gif
		docs\utilities\images\query-values-select-step.gif = docs\utilities\images\query-values-select-step.gif
	EndProjectSection
EndProject
Project("{2150E333-8FDC-42A3-9474-1A3956D46DE8}") = "security", "security", "{1A6E4B52-9C3D-4F7A-8E21-5D0B7C93A4F6}"
	ProjectSection(SolutionItems) = preProject
		docs\security\get-initiating-user.md = docs\security\get-initiating-user.md
		docs\security\is-user-has-role.md = docs\security\is-user-has-role.md
		docs\security\is-user-member-of-team.md = docs\security\is-user-member-of-team.md
		docs\security\is-user-teams-have-role.md = docs\security\is-user-teams-have-role.md
		docs\security\set-user-settings.md = docs\security\set-user-settings.md
	EndProjectSection
EndProject
Project("{2150E333-8FDC-42A3-9474-1A3956D46DE8}") = "images", "images", "{3C9F8D17-2B64-4E5A-A0D8-6F1E2B7C5A90}"
	ProjectSection(SolutionItems) = preProject
		docs\security\images\get-initiating-user-result.gif = docs\security\images\get-initiating-user-result.gif
		docs\security\images\get-initiating-user-select-step.gif = docs\security\images\get-initiating-user-select-step.gif
		docs\security\images\set-user-settings-extra.gif = docs\security\images\set-user-settings-extra.gif
		docs\security\images\set-user-settings-params.png = docs\security\images\set-user-settings-params.png
		docs\security\images\set-user-settings-select-step.gif = docs\security\images\set-user-settings-select-step.gif
	EndProjectSection
EndProject
Project("{2150E333-8FDC-42A3-9474-1A3956D46DE8}") = "note", "note", "{5E2A7C94-6D18-4B3F-9A57-0C8E1D4F2B63}"
	ProjectSection(SolutionItems) = preProject
		docs\note\check-attachment.md = docs\note\check-attachment.md
		docs\note\copy-note.md = docs\note\copy-note.md
		docs\note\delete-attachment.md = docs\note\delete-attachment.md
		docs\note\delete-attachment-by-name.md = docs\note\delete-attachment-by-name.md
		docs\note\delete-note.md = docs\note\delete-note.md
		docs\note\get-latest-note.md = docs\note\get-latest-note.md
		docs\note\get-latest-note-by-filename.md = docs\note\get-latest-note-by-filename.md
		docs\note\move-note.md = docs\note\move-note.md
		docs\note\update-note-text.md = docs\note\update-note-text.md
		docs\note\update-note-title.md = docs\note\update-note-title.md
	EndProjectSection
EndProject
Project("{2150E333-8FDC-42A3-9474-1A3956D46DE8}") = "string", "string", "{8BBCAEFB-409B-40BC-959B-76D8FC60B83C}"
	ProjectSection(SolutionItems) = preProject
		docs\string\b64-decode.md = docs\string\b64-decode.md
		docs\string\b64-encode.md = docs\string\b64-encode.md
		docs\string\contains.md = docs\string\contains.md
		docs\string\create-empty-spaces.md = docs\string\create-empty-spaces.md
		docs\string\decode-html.md = docs\string\decode-html.md
		docs\string\encode-html.md = docs\string\encode-html.md
		docs\string\ends-with.md = docs\string\ends-with.md
		docs\string\join.md = docs\string\join.md
		docs\string\length.md = docs\string\length.md
		docs\string\pad-left.md = docs\string\pad-left.md
		docs\string\pad-left-dynamic.md = docs\string\pad-left-dynamic.md
		docs\string\pad-right.md = docs\string\pad-right.md
		docs\string\pad-right-dynamic.md = docs\string\pad-right-dynamic.md
		docs\string\random.md = docs\string\random.md
		docs\string\regex-extract.md = docs\string\regex-extract.md
		docs\string\regex-match.md = docs\string\regex-match.md
		docs\string\regex-replace.md = docs\string\regex-replace.md
		docs\string\regex-replace-with-space.md = docs\string\regex-replace-with-space.md
		docs\string\remove-html.md = docs\string\remove-html.md
		docs\string\replace.md = docs\string\replace.md
		docs\string\replace-with-space.md = docs\string\replace-with-space.md
		docs\string\reverse.md = docs\string\reverse.md
		docs\string\starts-with.md = docs\string\starts-with.md
		docs\string\substring.md = docs\string\substring.md
		docs\string\to-lower.md = docs\string\to-lower.md
		docs\string\to-title-case.md = docs\string\to-title-case.md
		docs\string\to-upper.md = docs\string\to-upper.md
		docs\string\trim.md = docs\string\trim.md
		docs\string\url-decode.md = docs\string\url-decode.md
		docs\string\url-encode.md = docs\string\url-encode.md
		docs\string\word-count.md = docs\string\word-count.md
	EndProjectSection
EndProject
Project("{2150E333-8FDC-42A3-9474-1A3956D46DE8}") = "numeric", "numeric", "{C7238BBE-787C-4A7C-B35C-A1F8BA958D24}"
	ProjectSection(SolutionItems) = preProject
		docs\numeric\abs-value.md = docs\numeric\abs-value.md
		docs\numeric\add.md = docs\numeric\add.md
		docs\numeric\average.md = docs\numeric\average.md
		docs\numeric\divide.md = docs\numeric\divide.md
		docs\numeric\integer-to-words.md = docs\numeric\integer-to-words.md
		docs\numeric\is-string-numeric.md = docs\numeric\is-string-numeric.md
		docs\numeric\max.md = docs\numeric\max.md
		docs\numeric\min.md = docs\numeric\min.md
		docs\numeric\multiply.md = docs\numeric\multiply.md
		docs\numeric\nth-root.md = docs\numeric\nth-root.md
		docs\numeric\raise-to-the-power.md = docs\numeric\raise-to-the-power.md
		docs\numeric\random-number.md = docs\numeric\random-number.md
		docs\numeric\random-number-between.md = docs\numeric\random-number-between.md
		docs\numeric\round.md = docs\numeric\round.md
		docs\numeric\subtract.md = docs\numeric\subtract.md
		docs\numeric\to-decimal.md = docs\numeric\to-decimal.md
		docs\numeric\to-integer.md = docs\numeric\to-integer.md
		docs\numeric\truncate.md = docs\numeric\truncate.md
	EndProjectSection
EndProject
Project("{2150E333-8FDC-42A3-9474-1A3956D46DE8}") = "datetime", "datetime", "{47EB52AD-4980-40E3-92D9-9C5A9EF6065A}"
	ProjectSection(SolutionItems) = preProject
		docs\datetime\add-business-days.md = docs\datetime\add-business-days.md
		docs\datetime\add-days.md = docs\datetime\add-days.md
		docs\datetime\add-hours.md = docs\datetime\add-hours.md
		docs\datetime\add-minutes.md = docs\datetime\add-minutes.md
		docs\datetime\add-months.md = docs\datetime\add-months.md
		docs\datetime\add-weeks.md = docs\datetime\add-weeks.md
		docs\datetime\add-years.md = docs\datetime\add-years.md
		docs\datetime\business-days-between.md = docs\datetime\business-days-between.md
		docs\datetime\date-diff.md = docs\datetime\date-diff.md
		docs\datetime\date-diff-business-days.md = docs\datetime\date-diff-business-days.md
		docs\datetime\date-diff-business-hours.md = docs\datetime\date-diff-business-hours.md
		docs\datetime\date-diff-business-minutes.md = docs\datetime\date-diff-business-minutes.md
		docs\datetime\date-diff-days.md = docs\datetime\date-diff-days.md
		docs\datetime\date-diff-hours.md = docs\datetime\date-diff-hours.md
		docs\datetime\date-diff-minutes.md = docs\datetime\date-diff-minutes.md
		docs\datetime\date-diff-months.md = docs\datetime\date-diff-months.md
		docs\datetime\date-diff-seconds.md = docs\datetime\date-diff-seconds.md
		docs\datetime\date-diff-years.md = docs\datetime\date-diff-years.md
		docs\datetime\get-day-number.md = docs\datetime\get-day-number.md
		docs\datetime\get-day-number-of-week.md = docs\datetime\get-day-number-of-week.md
		docs\datetime\get-day-number-of-year.md = docs\datetime\get-day-number-of-year.md
		docs\datetime\get-day-of-week.md = docs\datetime\get-day-of-week.md
		docs\datetime\get-formatted-date-string.md = docs\datetime\get-formatted-date-string.md
		docs\datetime\get-hour-number.md = docs\datetime\get-hour-number.md
		docs\datetime\get-minute-number.md = docs\datetime\get-minute-number.md
		docs\datetime\get-month-name.md = docs\datetime\get-month-name.md
		docs\datetime\get-month-number.md = docs\datetime\get-month-number.md
		docs\datetime\get-month-start-end.md = docs\datetime\get-month-start-end.md
		docs\datetime\get-number-of-business-days.md = docs\datetime\get-number-of-business-days.md
		docs\datetime\get-quarter-number-of-year.md = docs\datetime\get-quarter-number-of-year.md
		docs\datetime\get-quarter-start-end.md = docs\datetime\get-quarter-start-end.md
		docs\datetime\get-second-number.md = docs\datetime\get-second-number.md
		docs\datetime\get-week-number-of-year.md = docs\datetime\get-week-number-of-year.md
		docs\datetime\get-week-start-end.md = docs\datetime\get-week-start-end.md
		docs\datetime\get-year-number.md = docs\datetime\get-year-number.md
		docs\datetime\get-year-start-end.md = docs\datetime\get-year-start-end.md
		docs\datetime\is-between.md = docs\datetime\is-between.md
		docs\datetime\is-business-day.md = docs\datetime\is-business-day.md
		docs\datetime\is-same-day.md = docs\datetime\is-same-day.md
		docs\datetime\relative-time.md = docs\datetime\relative-time.md
		docs\datetime\round-to-half-hour.md = docs\datetime\round-to-half-hour.md
		docs\datetime\round-to-hour.md = docs\datetime\round-to-hour.md
		docs\datetime\round-to-quarter-hour.md = docs\datetime\round-to-quarter-hour.md
		docs\datetime\set-date-part.md = docs\datetime\set-date-part.md
		docs\datetime\set-time.md = docs\datetime\set-time.md
		docs\datetime\to-date-time.md = docs\datetime\to-date-time.md
		docs\datetime\to-utc-string.md = docs\datetime\to-utc-string.md
	EndProjectSection
EndProject
Project("{2150E333-8FDC-42A3-9474-1A3956D46DE8}") = "email", "email", "{872B8684-2908-4A53-89C3-58B0E3B283C4}"
	ProjectSection(SolutionItems) = preProject
		docs\email\cc-business-unit.md = docs\email\cc-business-unit.md
		docs\email\cc-connection.md = docs\email\cc-connection.md
		docs\email\cc-queue-members.md = docs\email\cc-queue-members.md
		docs\email\cc-security-role.md = docs\email\cc-security-role.md
		docs\email\cc-team.md = docs\email\cc-team.md
		docs\email\check-attachments.md = docs\email\check-attachments.md
		docs\email\create-template.md = docs\email\create-template.md
		docs\email\delete-email-attachment.md = docs\email\delete-email-attachment.md
		docs\email\delete-email-attachment-by-name.md = docs\email\delete-email-attachment-by-name.md
		docs\email\email-business-unit.md = docs\email\email-business-unit.md
		docs\email\email-connection.md = docs\email\email-connection.md
		docs\email\email-queue-members.md = docs\email\email-queue-members.md
		docs\email\email-security-role.md = docs\email\email-security-role.md
		docs\email\email-team.md = docs\email\email-team.md
		docs\email\send-email.md = docs\email\send-email.md
	EndProjectSection
EndProject
Project("{2150E333-8FDC-42A3-9474-1A3956D46DE8}") = "persian", "persian", "{C8ACF1EF-67DC-4E9D-AB01-914BDA38D010}"
	ProjectSection(SolutionItems) = preProject
		docs\persian\convert-number-to-persian-string.md = docs\persian\convert-number-to-persian-string.md
		docs\persian\format-persian-date-time.md = docs\persian\format-persian-date-time.md
		docs\persian\get-date-persian-parts.md = docs\persian\get-date-persian-parts.md
		docs\persian\validate-national-code.md = docs\persian\validate-national-code.md
	EndProjectSection
EndProject
Project("{2150E333-8FDC-42A3-9474-1A3956D46DE8}") = "Solution Items", "Solution Items", "{9F4C2A61-7B3E-4D85-8A16-E0C5D3B7F942}"
	ProjectSection(SolutionItems) = preProject
		CLAUDE.md = CLAUDE.md
		README.md = README.md
		THIRD-PARTY-NOTICES.md = THIRD-PARTY-NOTICES.md
	EndProjectSection
EndProject
Project("{2150E333-8FDC-42A3-9474-1A3956D46DE8}") = "Build", "Build", "{C41D7E92-5B08-4A3F-9E16-7D2A0B8F6C35}"
	ProjectSection(SolutionItems) = preProject
		Build\MVCUtilities_2_0_managed.zip = Build\MVCUtilities_2_0_managed.zip
	EndProjectSection
EndProject
Global
	GlobalSection(SolutionConfigurationPlatforms) = preSolution
		Debug|Any CPU = Debug|Any CPU
		Release|Any CPU = Release|Any CPU
	EndGlobalSection
	GlobalSection(ProjectConfigurationPlatforms) = postSolution
		{5F3CD9AA-70BE-4476-8E7D-A798E581622E}.Debug|Any CPU.ActiveCfg = Debug|Any CPU
		{5F3CD9AA-70BE-4476-8E7D-A798E581622E}.Debug|Any CPU.Build.0 = Debug|Any CPU
		{5F3CD9AA-70BE-4476-8E7D-A798E581622E}.Release|Any CPU.ActiveCfg = Release|Any CPU
		{5F3CD9AA-70BE-4476-8E7D-A798E581622E}.Release|Any CPU.Build.0 = Release|Any CPU
		{49EA89C2-E259-4164-AE78-D3184F96034E}.Debug|Any CPU.ActiveCfg = Debug|Any CPU
		{49EA89C2-E259-4164-AE78-D3184F96034E}.Debug|Any CPU.Build.0 = Debug|Any CPU
		{49EA89C2-E259-4164-AE78-D3184F96034E}.Release|Any CPU.ActiveCfg = Release|Any CPU
		{49EA89C2-E259-4164-AE78-D3184F96034E}.Release|Any CPU.Build.0 = Release|Any CPU
		{372B3DD4-DDCE-4C65-A434-9555F9BD876D}.Debug|Any CPU.ActiveCfg = Debug|Any CPU
		{372B3DD4-DDCE-4C65-A434-9555F9BD876D}.Debug|Any CPU.Build.0 = Debug|Any CPU
		{372B3DD4-DDCE-4C65-A434-9555F9BD876D}.Release|Any CPU.ActiveCfg = Release|Any CPU
		{372B3DD4-DDCE-4C65-A434-9555F9BD876D}.Release|Any CPU.Build.0 = Release|Any CPU
		{3AD46468-8A74-49E0-AAEE-D2C9BAAC7133}.Debug|Any CPU.ActiveCfg = Debug|Any CPU
		{3AD46468-8A74-49E0-AAEE-D2C9BAAC7133}.Debug|Any CPU.Build.0 = Debug|Any CPU
		{3AD46468-8A74-49E0-AAEE-D2C9BAAC7133}.Release|Any CPU.ActiveCfg = Release|Any CPU
		{3AD46468-8A74-49E0-AAEE-D2C9BAAC7133}.Release|Any CPU.Build.0 = Release|Any CPU
		{1D72C299-F4FC-479C-A83E-C901EA08105B}.Debug|Any CPU.ActiveCfg = Debug|Any CPU
		{1D72C299-F4FC-479C-A83E-C901EA08105B}.Debug|Any CPU.Build.0 = Debug|Any CPU
		{1D72C299-F4FC-479C-A83E-C901EA08105B}.Release|Any CPU.ActiveCfg = Release|Any CPU
		{1D72C299-F4FC-479C-A83E-C901EA08105B}.Release|Any CPU.Build.0 = Release|Any CPU
		{ABA81953-DC7D-4973-9143-689F07AC7E0A}.Debug|Any CPU.ActiveCfg = Debug|Any CPU
		{ABA81953-DC7D-4973-9143-689F07AC7E0A}.Debug|Any CPU.Build.0 = Debug|Any CPU
		{ABA81953-DC7D-4973-9143-689F07AC7E0A}.Release|Any CPU.ActiveCfg = Release|Any CPU
		{ABA81953-DC7D-4973-9143-689F07AC7E0A}.Release|Any CPU.Build.0 = Release|Any CPU
		{938D97A8-FDEC-4CD1-8D88-0101E7B23F53}.Debug|Any CPU.ActiveCfg = Debug|Any CPU
		{938D97A8-FDEC-4CD1-8D88-0101E7B23F53}.Debug|Any CPU.Build.0 = Debug|Any CPU
		{938D97A8-FDEC-4CD1-8D88-0101E7B23F53}.Release|Any CPU.ActiveCfg = Release|Any CPU
		{938D97A8-FDEC-4CD1-8D88-0101E7B23F53}.Release|Any CPU.Build.0 = Release|Any CPU
		{84F6C45E-0728-413A-9753-622187ABFFAF}.Debug|Any CPU.ActiveCfg = Debug|Any CPU
		{84F6C45E-0728-413A-9753-622187ABFFAF}.Debug|Any CPU.Build.0 = Debug|Any CPU
		{84F6C45E-0728-413A-9753-622187ABFFAF}.Release|Any CPU.ActiveCfg = Release|Any CPU
		{84F6C45E-0728-413A-9753-622187ABFFAF}.Release|Any CPU.Build.0 = Release|Any CPU
		{7A3E5C12-94B8-4D6F-A1E0-2B8C7D5F3A64}.Debug|Any CPU.ActiveCfg = Debug|Any CPU
		{7A3E5C12-94B8-4D6F-A1E0-2B8C7D5F3A64}.Debug|Any CPU.Build.0 = Debug|Any CPU
		{7A3E5C12-94B8-4D6F-A1E0-2B8C7D5F3A64}.Release|Any CPU.ActiveCfg = Release|Any CPU
		{7A3E5C12-94B8-4D6F-A1E0-2B8C7D5F3A64}.Release|Any CPU.Build.0 = Release|Any CPU
	EndGlobalSection
	GlobalSection(SolutionProperties) = preSolution
		HideSolutionNode = FALSE
	EndGlobalSection
	GlobalSection(NestedProjects) = preSolution
		{8B489EF9-88D4-43C9-A965-BA7357F4378B} = {7D684DCF-5527-473C-BA2A-033578E0D76B}
		{868CF2C6-8E9D-4BCF-9A22-1D013CD25897} = {8B489EF9-88D4-43C9-A965-BA7357F4378B}
		{1A6E4B52-9C3D-4F7A-8E21-5D0B7C93A4F6} = {7D684DCF-5527-473C-BA2A-033578E0D76B}
		{3C9F8D17-2B64-4E5A-A0D8-6F1E2B7C5A90} = {1A6E4B52-9C3D-4F7A-8E21-5D0B7C93A4F6}
		{5E2A7C94-6D18-4B3F-9A57-0C8E1D4F2B63} = {7D684DCF-5527-473C-BA2A-033578E0D76B}
		{8BBCAEFB-409B-40BC-959B-76D8FC60B83C} = {7D684DCF-5527-473C-BA2A-033578E0D76B}
		{C7238BBE-787C-4A7C-B35C-A1F8BA958D24} = {7D684DCF-5527-473C-BA2A-033578E0D76B}
		{47EB52AD-4980-40E3-92D9-9C5A9EF6065A} = {7D684DCF-5527-473C-BA2A-033578E0D76B}
		{872B8684-2908-4A53-89C3-58B0E3B283C4} = {7D684DCF-5527-473C-BA2A-033578E0D76B}
		{C8ACF1EF-67DC-4E9D-AB01-914BDA38D010} = {7D684DCF-5527-473C-BA2A-033578E0D76B}
	EndGlobalSection
	GlobalSection(ExtensibilityGlobals) = postSolution
		SolutionGuid = {2C32CB8C-A55B-4B8D-A122-826C7C654A4B}
	EndGlobalSection
	GlobalSection(SharedMSBuildProjectFiles) = preSolution
		MvcTeam.Utilities.Core\MvcTeam.Utilities.Core.projitems*{5f3cd9aa-70be-4476-8e7d-a798e581622e}*SharedItemsImports = 4
		MvcTeam.Utilities.Core\MvcTeam.Utilities.Core.projitems*{49ea89c2-e259-4164-ae78-d3184f96034e}*SharedItemsImports = 4
		MvcTeam.Utilities.Core\MvcTeam.Utilities.Core.projitems*{372b3dd4-ddce-4c65-a434-9555f9bd876d}*SharedItemsImports = 4
		MvcTeam.Utilities.Core\MvcTeam.Utilities.Core.projitems*{3ad46468-8a74-49e0-aaee-d2c9baac7133}*SharedItemsImports = 4
		MvcTeam.Utilities.Core\MvcTeam.Utilities.Core.projitems*{1d72c299-f4fc-479c-a83e-c901ea08105b}*SharedItemsImports = 4
		MvcTeam.Utilities.Core\MvcTeam.Utilities.Core.projitems*{aba81953-dc7d-4973-9143-689f07ac7e0a}*SharedItemsImports = 4
		MvcTeam.Utilities.Core\MvcTeam.Utilities.Core.projitems*{938d97a8-fdec-4cd1-8d88-0101e7b23f53}*SharedItemsImports = 4
		MvcTeam.Utilities.Core\MvcTeam.Utilities.Core.projitems*{84f6c45e-0728-413a-9753-622187abffaf}*SharedItemsImports = 4
		MvcTeam.Utilities.Core\MvcTeam.Utilities.Core.projitems*{62eb3adb-bc26-409a-9a66-226a8898766a}*SharedItemsImports = 13
	EndGlobalSection
EndGlobal
